// !$*UTF8*$!
{
	archiveVersion = 1;
	classes = {
	};
	objectVersion = 56;
	objects = {

/* Begin PBXBuildFile section */
		173186022AB0B4C500723326 /* PaystackCore in Frameworks */ = {isa = PBXBuildFile; productRef = 173186012AB0B4C500723326 /* PaystackCore */; };
		173186042AB0B4C800723326 /* PaystackUI in Frameworks */ = {isa = PBXBuildFile; productRef = 173186032AB0B4C800723326 /* PaystackUI */; };
		175F20B52AAF34C400511F95 /* AppDelegate.swift in Sources */ = {isa = PBXBuildFile; fileRef = 175F20B42AAF34C400511F95 /* AppDelegate.swift */; };
		175F20B72AAF34C400511F95 /* SceneDelegate.swift in Sources */ = {isa = PBXBuildFile; fileRef = 175F20B62AAF34C400511F95 /* SceneDelegate.swift */; };
		175F20B92AAF34C400511F95 /* ViewController.swift in Sources */ = {isa = PBXBuildFile; fileRef = 175F20B82AAF34C400511F95 /* ViewController.swift */; };
		175F20BC2AAF34C400511F95 /* Main.storyboard in Resources */ = {isa = PBXBuildFile; fileRef = 175F20BA2AAF34C400511F95 /* Main.storyboard */; };
		175F20BE2AAF34C600511F95 /* Assets.xcassets in Resources */ = {isa = PBXBuildFile; fileRef = 175F20BD2AAF34C600511F95 /* Assets.xcassets */; };
		175F20C12AAF34C600511F95 /* LaunchScreen.storyboard in Resources */ = {isa = PBXBuildFile; fileRef = 175F20BF2AAF34C600511F95 /* LaunchScreen.storyboard */; };
/* End PBXBuildFile section */

/* Begin PBXFileReference section */
		175F20B12AAF34C400511F95 /* UIKit Example.app */ = {isa = PBXFileReference; explicitFileType = wrapper.application; includeInIndex = 0; path = "UIKit Example.app"; sourceTree = BUILT_PRODUCTS_DIR; };
		175F20B42AAF34C400511F95 /* AppDelegate.swift */ = {isa = PBXFileReference; lastKnownFileType = sourcecode.swift; path = AppDelegate.swift; sourceTree = "<group>"; };
		175F20B62AAF34C400511F95 /* SceneDelegate.swift */ = {isa = PBXFileReference; lastKnownFileType = sourcecode.swift; path = SceneDelegate.swift; sourceTree = "<group>"; };
		175F20B82AAF34C400511F95 /* ViewController.swift */ = {isa = PBXFileReference; lastKnownFileType = sourcecode.swift; path = ViewController.swift; sourceTree = "<group>"; };
		175F20BB2AAF34C400511F95 /* Base */ = {isa = PBXFileReference; lastKnownFileType = file.storyboard; name = Base; path = Base.lproj/Main.storyboard; sourceTree = "<group>"; };
		175F20BD2AAF34C600511F95 /* Assets.xcassets */ = {isa = PBXFileReference; lastKnownFileType = folder.assetcatalog; path = Assets.xcassets; sourceTree = "<group>"; };
		175F20C02AAF34C600511F95 /* Base */ = {isa = PBXFileReference; lastKnownFileType = file.storyboard; name = Base; path = Base.lproj/LaunchScreen.storyboard; sourceTree = "<group>"; };
		175F20C22AAF34C600511F95 /* Info.plist */ = {isa = PBXFileReference; lastKnownFileType = text.plist.xml; path = Info.plist; sourceTree = "<group>"; };
		175F20C92AAF352300511F95 /* paystack-sdk-ios */ = {isa = PBXFileReference; lastKnownFileType = wrapper; name = "paystack-sdk-ios"; path = ..; sourceTree = "<group>"; };
/* End PBXFileReference section */

/* Begin PBXFrameworksBuildPhase section */
		175F20AE2AAF34C400511F95 /* Frameworks */ = {
			isa = PBXFrameworksBuildPhase;
			buildActionMask = 2147483647;
			files = (
				173186042AB0B4C800723326 /* PaystackUI in Frameworks */,
				173186022AB0B4C500723326 /* PaystackCore in Frameworks */,
			);
			runOnlyForDeploymentPostprocessing = 0;
		};
/* End PBXFrameworksBuildPhase section */

/* Begin PBXGroup section */
		175F20A82AAF34C400511F95 = {
			isa = PBXGroup;
			children = (
				175F20C82AAF352300511F95 /* Packages */,
				175F20B32AAF34C400511F95 /* UIKit Example */,
				175F20B22AAF34C400511F95 /* Products */,
				175F20CA2AAF36FA00511F95 /* Frameworks */,
			);
			sourceTree = "<group>";
		};
		175F20B22AAF34C400511F95 /* Products */ = {
			isa = PBXGroup;
			children = (
				175F20B12AAF34C400511F95 /* UIKit Example.app */,
			);
			name = Products;
			sourceTree = "<group>";
		};
		175F20B32AAF34C400511F95 /* UIKit Example */ = {
			isa = PBXGroup;
			children = (
				175F20B42AAF34C400511F95 /* AppDelegate.swift */,
				175F20B62AAF34C400511F95 /* SceneDelegate.swift */,
				175F20B82AAF34C400511F95 /* ViewController.swift */,
				175F20BA2AAF34C400511F95 /* Main.storyboard */,
				175F20BD2AAF34C600511F95 /* Assets.xcassets */,
				175F20BF2AAF34C600511F95 /* LaunchScreen.storyboard */,
				175F20C22AAF34C600511F95 /* Info.plist */,
			);
			path = "UIKit Example";
			sourceTree = "<group>";
		};
		175F20C82AAF352300511F95 /* Packages */ = {
			isa = PBXGroup;
			children = (
				175F20C92AAF352300511F95 /* paystack-sdk-ios */,
			);
			name = Packages;
			sourceTree = "<group>";
		};
		175F20CA2AAF36FA00511F95 /* Frameworks */ = {
			isa = PBXGroup;
			children = (
			);
			name = Frameworks;
			sourceTree = "<group>";
		};
/* End PBXGroup section */

/* Begin PBXNativeTarget section */
		175F20B02AAF34C400511F95 /* UIKit Example */ = {
			isa = PBXNativeTarget;
			buildConfigurationList = 175F20C52AAF34C600511F95 /* Build configuration list for PBXNativeTarget "UIKit Example" */;
			buildPhases = (
				175F20AD2AAF34C400511F95 /* Sources */,
				175F20AE2AAF34C400511F95 /* Frameworks */,
				175F20AF2AAF34C400511F95 /* Resources */,
			);
			buildRules = (
			);
			dependencies = (
			);
			name = "UIKit Example";
			packageProductDependencies = (
				173186012AB0B4C500723326 /* PaystackCore */,
				173186032AB0B4C800723326 /* PaystackUI */,
			);
			productName = "UIKit Example";
			productReference = 175F20B12AAF34C400511F95 /* UIKit Example.app */;
			productType = "com.apple.product-type.application";
		};
/* End PBXNativeTarget section */

/* Begin PBXProject section */
		175F20A92AAF34C400511F95 /* Project object */ = {
			isa = PBXProject;
			attributes = {
				BuildIndependentTargetsInParallel = 1;
				LastSwiftUpdateCheck = 1430;
				LastUpgradeCheck = 1430;
				TargetAttributes = {
					175F20B02AAF34C400511F95 = {
						CreatedOnToolsVersion = 14.3;
					};
				};
			};
			buildConfigurationList = 175F20AC2AAF34C400511F95 /* Build configuration list for PBXProject "UIKit Example" */;
			compatibilityVersion = "Xcode 14.0";
			developmentRegion = en;
			hasScannedForEncodings = 0;
			knownRegions = (
				en,
				Base,
			);
			mainGroup = 175F20A82AAF34C400511F95;
			productRefGroup = 175F20B22AAF34C400511F95 /* Products */;
			projectDirPath = "";
			projectRoot = "";
			targets = (
				175F20B02AAF34C400511F95 /* UIKit Example */,
			);
		};
/* End PBXProject section */

/* Begin PBXResourcesBuildPhase section */
		175F20AF2AAF34C400511F95 /* Resources */ = {
			isa = PBXResourcesBuildPhase;
			buildActionMask = 2147483647;
			files = (
				175F20C12AAF34C600511F95 /* LaunchScreen.storyboard in Resources */,
				175F20BE2AAF34C600511F95 /* Assets.xcassets in Resources */,
				175F20BC2AAF34C400511F95 /* Main.storyboard in Resources */,
			);
			runOnlyForDeploymentPostprocessing = 0;
		};
/* End PBXResourcesBuildPhase section */

/* Begin PBXSourcesBuildPhase section */
		175F20AD2AAF34C400511F95 /* Sources */ = {
			isa = PBXSourcesBuildPhase;
			buildActionMask = 2147483647;
			files = (
				175F20B92AAF34C400511F95 /* ViewController.swift in Sources */,
				175F20B52AAF34C400511F95 /* AppDelegate.swift in Sources */,
				175F20B72AAF34C400511F95 /* SceneDelegate.swift in Sources */,
			);
			runOnlyForDeploymentPostprocessing = 0;
		};
/* End PBXSourcesBuildPhase section */

/* Begin PBXVariantGroup section */
		175F20BA2AAF34C400511F95 /* Main.storyboard */ = {
			isa = PBXVariantGroup;
			children = (
				175F20BB2AAF34C400511F95 /* Base */,
			);
			name = Main.storyboard;
			sourceTree = "<group>";
		};
		175F20BF2AAF34C600511F95 /* LaunchScreen.storyboard */ = {
			isa = PBXVariantGroup;
			children = (
				175F20C02AAF34C600511F95 /* Base */,
			);
			name = LaunchScreen.storyboard;
			sourceTree = "<group>";
		};
/* End PBXVariantGroup section */

/* Begin XCBuildConfiguration section */
		175F20C32AAF34C600511F95 /* Debug */ = {
			isa = XCBuildConfiguration;
			buildSettings = {
				ALWAYS_SEARCH_USER_PATHS = NO;
				CLANG_ANALYZER_NONNULL = YES;
				CLANG_ANALYZER_NUMBER_OBJECT_CONVERSION = YES_AGGRESSIVE;
				CLANG_CXX_LANGUAGE_STANDARD = "gnu++20";
				CLANG_ENABLE_MODULES = YES;
				CLANG_ENABLE_OBJC_ARC = YES;
				CLANG_ENABLE_OBJC_WEAK = YES;
				CLANG_WARN_BLOCK_CAPTURE_AUTORELEASING = YES;
				CLANG_WARN_BOOL_CONVERSION = YES;
				CLANG_WARN_COMMA = YES;
				CLANG_WARN_CONSTANT_CONVERSION = YES;
				CLANG_WARN_DEPRECATED_OBJC_IMPLEMENTATIONS = YES;
				CLANG_WARN_DIRECT_OBJC_ISA_USAGE = YES_ERROR;
				CLANG_WARN_DOCUMENTATION_COMMENTS = YES;
				CLANG_WARN_EMPTY_BODY = YES;
				CLANG_WARN_ENUM_CONVERSION = YES;
				CLANG_WARN_INFINITE_RECURSION = YES;
				CLANG_WARN_INT_CONVERSION = YES;
				CLANG_WARN_NON_LITERAL_NULL_CONVERSION = YES;
				CLANG_WARN_OBJC_IMPLICIT_RETAIN_SELF = YES;
				CLANG_WARN_OBJC_LITERAL_CONVERSION = YES;
				CLANG_WARN_OBJC_ROOT_CLASS = YES_ERROR;
				CLANG_WARN_QUOTED_INCLUDE_IN_FRAMEWORK_HEADER = YES;
				CLANG_WARN_RANGE_LOOP_ANALYSIS = YES;
				CLANG_WARN_STRICT_PROTOTYPES = YES;
				CLANG_WARN_SUSPICIOUS_MOVE = YES;
				CLANG_WARN_UNGUARDED_AVAILABILITY = YES_AGGRESSIVE;
				CLANG_WARN_UNREACHABLE_CODE = YES;
				CLANG_WARN__DUPLICATE_METHOD_MATCH = YES;
				COPY_PHASE_STRIP = NO;
				DEBUG_INFORMATION_FORMAT = dwarf;
				ENABLE_STRICT_OBJC_MSGSEND = YES;
				ENABLE_TESTABILITY = YES;
				GCC_C_LANGUAGE_STANDARD = gnu11;
				GCC_DYNAMIC_NO_PIC = NO;
				GCC_NO_COMMON_BLOCKS = YES;
				GCC_OPTIMIZATION_LEVEL = 0;
				GCC_PREPROCESSOR_DEFINITIONS = (
					"DEBUG=1",
					"$(inherited)",
				);
				GCC_WARN_64_TO_32_BIT_CONVERSION = YES;
				GCC_WARN_ABOUT_RETURN_TYPE = YES_ERROR;
				GCC_WARN_UNDECLARED_SELECTOR = YES;
				GCC_WARN_UNINITIALIZED_AUTOS = YES_AGGRESSIVE;
				GCC_WARN_UNUSED_FUNCTION = YES;
				GCC_WARN_UNUSED_VARIABLE = YES;
				IPHONEOS_DEPLOYMENT_TARGET = 16.4;
				MTL_ENABLE_DEBUG_INFO = INCLUDE_SOURCE;
				MTL_FAST_MATH = YES;
				ONLY_ACTIVE_ARCH = YES;
				SDKROOT = iphoneos;
				SWIFT_ACTIVE_COMPILATION_CONDITIONS = DEBUG;
				SWIFT_OPTIMIZATION_LEVEL = "-Onone";
			};
			name = Debug;
		};
		175F20C42AAF34C600511F95 /* Release */ = {
			isa = XCBuildConfiguration;
			buildSettings = {
				ALWAYS_SEARCH_USER_PATHS = NO;
				CLANG_ANALYZER_NONNULL = YES;
				CLANG_ANALYZER_NUMBER_OBJECT_CONVERSION = YES_AGGRESSIVE;
				CLANG_CXX_LANGUAGE_STANDARD = "gnu++20";
				CLANG_ENABLE_MODULES = YES;
				CLANG_ENABLE_OBJC_ARC = YES;
				CLANG_ENABLE_OBJC_WEAK = YES;
				CLANG_WARN_BLOCK_CAPTURE_AUTORELEASING = YES;
				CLANG_WARN_BOOL_CONVERSION = YES;
				CLANG_WARN_COMMA = YES;
				CLANG_WARN_CONSTANT_CONVERSION = YES;
				CLANG_WARN_DEPRECATED_OBJC_IMPLEMENTATIONS = YES;
				CLANG_WARN_DIRECT_OBJC_ISA_USAGE = YES_ERROR;
				CLANG_WARN_DOCUMENTATION_COMMENTS = YES;
				CLANG_WARN_EMPTY_BODY = YES;
				CLANG_WARN_ENUM_CONVERSION = YES;
				CLANG_WARN_INFINITE_RECURSION = YES;
				CLANG_WARN_INT_CONVERSION = YES;
				CLANG_WARN_NON_LITERAL_NULL_CONVERSION = YES;
				CLANG_WARN_OBJC_IMPLICIT_RETAIN_SELF = YES;
				CLANG_WARN_OBJC_LITERAL_CONVERSION = YES;
				CLANG_WARN_OBJC_ROOT_CLASS = YES_ERROR;
				CLANG_WARN_QUOTED_INCLUDE_IN_FRAMEWORK_HEADER = YES;
				CLANG_WARN_RANGE_LOOP_ANALYSIS = YES;
				CLANG_WARN_STRICT_PROTOTYPES = YES;
				CLANG_WARN_SUSPICIOUS_MOVE = YES;
				CLANG_WARN_UNGUARDED_AVAILABILITY = YES_AGGRESSIVE;
				CLANG_WARN_UNREACHABLE_CODE = YES;
				CLANG_WARN__DUPLICATE_METHOD_MATCH = YES;
				COPY_PHASE_STRIP = NO;
				DEBUG_INFORMATION_FORMAT = "dwarf-with-dsym";
				ENABLE_NS_ASSERTIONS = NO;
				ENABLE_STRICT_OBJC_MSGSEND = YES;
				GCC_C_LANGUAGE_STANDARD = gnu11;
				GCC_NO_COMMON_BLOCKS = YES;
				GCC_WARN_64_TO_32_BIT_CONVERSION = YES;
				GCC_WARN_ABOUT_RETURN_TYPE = YES_ERROR;
				GCC_WARN_UNDECLARED_SELECTOR = YES;
				GCC_WARN_UNINITIALIZED_AUTOS = YES_AGGRESSIVE;
				GCC_WARN_UNUSED_FUNCTION = YES;
				GCC_WARN_UNUSED_VARIABLE = YES;
				IPHONEOS_DEPLOYMENT_TARGET = 16.4;
				MTL_ENABLE_DEBUG_INFO = NO;
				MTL_FAST_MATH = YES;
				SDKROOT = iphoneos;
				SWIFT_COMPILATION_MODE = wholemodule;
				SWIFT_OPTIMIZATION_LEVEL = "-O";
				VALIDATE_PRODUCT = YES;
			};
			name = Release;
		};
		175F20C62AAF34C600511F95 /* Debug */ = {
			isa = XCBuildConfiguration;
			buildSettings = {
				ASSETCATALOG_COMPILER_APPICON_NAME = AppIcon;
				ASSETCATALOG_COMPILER_GLOBAL_ACCENT_COLOR_NAME = AccentColor;
				CODE_SIGN_STYLE = Automatic;
				CURRENT_PROJECT_VERSION = 1;
				GENERATE_INFOPLIST_FILE = YES;
				INFOPLIST_FILE = "UIKit Example/Info.plist";
				INFOPLIST_KEY_UIApplicationSupportsIndirectInputEvents = YES;
				INFOPLIST_KEY_UILaunchStoryboardName = LaunchScreen;
				INFOPLIST_KEY_UIMainStoryboardFile = Main;
				INFOPLIST_KEY_UISupportedInterfaceOrientations_iPad = "UIInterfaceOrientationPortrait UIInterfaceOrientationPortraitUpsideDown UIInterfaceOrientationLandscapeLeft UIInterfaceOrientationLandscapeRight";
				INFOPLIST_KEY_UISupportedInterfaceOrientations_iPhone = "UIInterfaceOrientationPortrait UIInterfaceOrientationLandscapeLeft UIInterfaceOrientationLandscapeRight";
				LD_RUNPATH_SEARCH_PATHS = (
					"$(inherited)",
					"@executable_path/Frameworks",
				);
				MARKETING_VERSION = 1.0;
				PRODUCT_BUNDLE_IDENTIFIER = "com.paystack.UIKit-Example";
				PRODUCT_NAME = "$(TARGET_NAME)";
				SWIFT_EMIT_LOC_STRINGS = YES;
				SWIFT_VERSION = 5.0;
				TARGETED_DEVICE_FAMILY = "1,2";
			};
			name = Debug;
		};
		175F20C72AAF34C600511F95 /* Release */ = {
			isa = XCBuildConfiguration;
			buildSettings = {
				ASSETCATALOG_COMPILER_APPICON_NAME = AppIcon;
				ASSETCATALOG_COMPILER_GLOBAL_ACCENT_COLOR_NAME = AccentColor;
				CODE_SIGN_STYLE = Automatic;
				CURRENT_PROJECT_VERSION = 1;
				GENERATE_INFOPLIST_FILE = YES;
				INFOPLIST_FILE = "UIKit Example/Info.plist";
				INFOPLIST_KEY_UIApplicationSupportsIndirectInputEvents = YES;
				INFOPLIST_KEY_UILaunchStoryboardName = LaunchScreen;
				INFOPLIST_KEY_UIMainStoryboardFile = Main;
				INFOPLIST_KEY_UISupportedInterfaceOrientations_iPad = "UIInterfaceOrientationPortrait UIInterfaceOrientationPortraitUpsideDown UIInterfaceOrientationLandscapeLeft UIInterfaceOrientationLandscapeRight";
				INFOPLIST_KEY_UISupportedInterfaceOrientations_iPhone = "UIInterfaceOrientationPortrait UIInterfaceOrientationLandscapeLeft UIInterfaceOrientationLandscapeRight";
				LD_RUNPATH_SEARCH_PATHS = (
					"$(inherited)",
					"@executable_path/Frameworks",
				);
				MARKETING_VERSION = 1.0;
				PRODUCT_BUNDLE_IDENTIFIER = "com.paystack.UIKit-Example";
				PRODUCT_NAME = "$(TARGET_NAME)";
				SWIFT_EMIT_LOC_STRINGS = YES;
				SWIFT_VERSION = 5.0;
				TARGETED_DEVICE_FAMILY = "1,2";
			};
			name = Release;
		};
/* End XCBuildConfiguration section */

/* Begin XCConfigurationList section */
		175F20AC2AAF34C400511F95 /* Build configuration list for PBXProject "UIKit Example" */ = {
			isa = XCConfigurationList;
			buildConfigurations = (
				175F20C32AAF34C600511F95 /* Debug */,
				175F20C42AAF34C600511F95 /* Release */,
			);
			defaultConfigurationIsVisible = 0;
			defaultConfigurationName = Release;
		};
		175F20C52AAF34C600511F95 /* Build configuration list for PBXNativeTarget "UIKit Example" */ = {
			isa = XCConfigurationList;
			buildConfigurations = (
				175F20C62AAF34C600511F95 /* Debug */,
				175F20C72AAF34C600511F95 /* Release */,
			);
			defaultConfigurationIsVisible = 0;
			defaultConfigurationName = Release;
		};
/* End XCConfigurationList section */

/* Begin XCSwiftPackageProductDependency section */
		173186012AB0B4C500723326 /* PaystackCore */ = {
			isa = XCSwiftPackageProductDependency;
			productName = PaystackCore;
		};
		173186032AB0B4C800723326 /* PaystackUI */ = {
			isa = XCSwiftPackageProductDependency;
			productName = PaystackUI;
		};
/* End XCSwiftPackageProductDependency section */
	};
	rootObject = 175F20A92AAF34C400511F95 /* Project object */;
}
